
Microsoft Visual Studio Solution File, Format Version 12.00
# Visual Studio Version 17
VisualStudioVersion = 17.2.32616.157
MinimumVisualStudioVersion = 10.0.40219.1
Project("{FAE04EC0-301F-11D3-BF4B-00C04F79EFBC}") = "01. Numbers Ending in 7", "01. Numbers Ending in 7\01. Numbers Ending in 7.csproj", "{8E6C5466-CB02-43D5-95F7-9DFD746E52FC}"
EndProject
Project("{FAE04EC0-301F-11D3-BF4B-00C04F79EFBC}") = "02. Half Sum Element", "02. Half Sum Element\02. Half Sum Element.csproj", "{B85A9D24-58C7-48A5-8043-10C23B408E2E}"
EndProject
Project("{FAE04EC0-301F-11D3-BF4B-00C04F79EFBC}") = "03. Histogram", "03. Histogram\03. Histogram.csproj", "{FC9F15A3-B528-40C0-9956-8E49D2301EBF}"
EndProject
Project("{FAE04EC0-301F-11D3-BF4B-00C04F79EFBC}") = "04. Clever Lily", "04. Clever Lily\04. Clever Lily.csproj", "{5E3D9432-AAD6-4B1A-ACC4-09F498B0D33F}"
EndProject
Project("{FAE04EC0-301F-11D3-BF4B-00C04F79EFBC}") = "05. Salary", "05. Salary\05. Salary.csproj", "{A82E13D0-877B-40DE-B9C9-E897169D3FEA}"
EndProject
Project("{FAE04EC0-301F-11D3-BF4B-00C04F79EFBC}") = "06. Oscars", "06. Oscars\06. Oscars.csproj", "{4120FB0D-D376-4B08-8256-7D9E29BBE78E}"
EndProject
Project("{FAE04EC0-301F-11D3-BF4B-00C04F79EFBC}") = "07. Trekking Mania", "07. Trekking Mania\07. Trekking Mania.csproj", "{C208D315-EFAC-436D-BDE3-ABFE1B12E29E}"
EndProject
Project("{FAE04EC0-301F-11D3-BF4B-00C04F79EFBC}") = "08. Tennis Ranklist", "08. Tennis Ranklist\08. Tennis Ranklist.csproj", "{2CADE85D-2B08-418B-8A36-F0AFD160B9BD}"
EndProject
Global
	GlobalSection(SolutionConfigurationPlatforms) = preSolution
		Debug|Any CPU = Debug|Any CPU
		Release|Any CPU = Release|Any CPU
	EndGlobalSection
	GlobalSection(ProjectConfigurationPlatforms) = postSolution
		{8E6C5466-CB02-43D5-95F7-9DFD746E52FC}.Debug|Any CPU.ActiveCfg = Debug|Any CPU
		{8E6C5466-CB02-43D5-95F7-9DFD746E52FC}.Debug|Any CPU.Build.0 = Debug|Any CPU
		{8E6C5466-CB02-43D5-95F7-9DFD746E52FC}.Release|Any CPU.ActiveCfg = Release|Any CPU
		{8E6C5466-CB02-43D5-95F7-9DFD746E52FC}.Release|Any CPU.Build.0 = Release|Any CPU
		{B85A9D24-58C7-48A5-8043-10C23B408E2E}.Debug|Any CPU.ActiveCfg = Debug|Any CPU
		{B85A9D24-58C7-48A5-8043-10C23B408E2E}.Debug|Any CPU.Build.0 = Debug|Any CPU
		{B85A9D24-58C7-48A5-8043-10C23B408E2E}.Release|Any CPU.ActiveCfg = Release|Any CPU
		{B85A9D24-58C7-48A5-8043-10C23B408E2E}.Release|Any CPU.Build.0 = Release|Any CPU
		{FC9F15A3-B528-40C0-9956-8E49D2301EBF}.Debug|Any CPU.ActiveCfg = Debug|Any CPU
		{FC9F15A3-B528-40C0-9956-8E49D2301EBF}.Debug|Any CPU.Build.0 = Debug|Any CPU
		{FC9F15A3-B528-40C0-9956-8E49D2301EBF}.Release|Any CPU.ActiveCfg = Release|Any CPU
		{FC9F15A3-B528-40C0-9956-8E49D2301EBF}.Release|Any CPU.Build.0 = Release|Any CPU
		{5E3D9432-AAD6-4B1A-ACC4-09F498B0D33F}.Debug|Any CPU.ActiveCfg = Debug|Any CPU
		{5E3D9432-AAD6-4B1A-ACC4-09F498B0D33F}.Debug|Any CPU.Build.0 = Debug|Any CPU
		{5E3D9432-AAD6-4B1A-ACC4-09F498B0D33F}.Release|Any CPU.ActiveCfg = Release|Any CPU
		{5E3D9432-AAD6-4B1A-ACC4-09F498B0D33F}.Release|Any CPU.Build.0 = Release|Any CPU
		{A82E13D0-877B-40DE-B9C9-E897169D3FEA}.Debug|Any CPU.ActiveCfg = Debug|Any CPU
		{A82E13D0-877B-40DE-B9C9-E897169D3FEA}.Debug|Any CPU.Build.0 = Debug|Any CPU
		{A82E13D0-877B-40DE-B9C9-E897169D3FEA}.Release|Any CPU.ActiveCfg = Release|Any CPU
		{A82E13D0-877B-40DE-B9C9-E897169D3FEA}.Release|Any CPU.Build.0 = Release|Any CPU
		{4120FB0D-D376-4B08-8256-7D9E29BBE78E}.Debug|Any CPU.ActiveCfg = Debug|Any CPU
		{4120FB0D-D376-4B08-8256-7D9E29BBE78E}.Debug|Any CPU.Build.0 = Debug|Any CPU
		{4120FB0D-D376-4B08-8256-7D9E29BBE78E}.Release|Any CPU.ActiveCfg = Release|Any CPU
		{4120FB0D-D376-4B08-8256-7D9E29BBE78E}.Release|Any CPU.Build.0 = Release|Any CPU
		{C208D315-EFAC-436D-BDE3-ABFE1B12E29E}.Debug|Any CPU.ActiveCfg = Debug|Any CPU
		{C208D315-EFAC-436D-BDE3-ABFE1B12E29E}.Debug|Any CPU.Build.0 = Debug|Any CPU
		{C208D315-EFAC-436D-BDE3-ABFE1B12E29E}.Release|Any CPU.ActiveCfg = Release|Any CPU
		{C208D315-EFAC-436D-BDE3-ABFE1B12E29E}.Release|Any CPU.Build.0 = Release|Any CPU
		{2CADE85D-2B08-418B-8A36-F0AFD160B9BD}.Debug|Any CPU.ActiveCfg = Debug|Any CPU
		{2CADE85D-2B08-418B-8A36-F0AFD160B9BD}.Debug|Any CPU.Build.0 = Debug|Any CPU
		{2CADE85D-2B08-418B-8A36-F0AFD160B9BD}.Release|Any CPU.ActiveCfg = Release|Any CPU
		{2CADE85D-2B08-418B-8A36-F0AFD160B9BD}.Release|Any CPU.Build.0 = Release|Any CPU
	EndGlobalSection
	GlobalSection(SolutionProperties) = preSolution
		HideSolutionNode = FALSE
	EndGlobalSection
	GlobalSection(ExtensibilityGlobals) = postSolution
		SolutionGuid = {39ABE494-9C5C-4EC6-A709-26805FD774F6}
	EndGlobalSection
EndGlobal
