
Microsoft Visual Studio Solution File, Format Version 12.00
# Visual Studio Version 17
VisualStudioVersion = 17.3.32922.545
MinimumVisualStudioVersion = 10.0.40219.1
Project("{FAE04EC0-301F-11D3-BF4B-00C04F79EFBC}") = "01.Custom List", "01.Custom List\01.Custom List.csproj", "{FE7AE9D4-8BD9-463F-A9B6-3945A4097A6F}"
EndProject
Project("{FAE04EC0-301F-11D3-BF4B-00C04F79EFBC}") = "02.Custom Stack", "02.Custom Stack\02.Custom Stack.csproj", "{6418E778-BDA1-42CB-9E30-732C48A89768}"
EndProject
Project("{FAE04EC0-301F-11D3-BF4B-00C04F79EFBC}") = "03.Custom Queue", "03.Custom Queue\03.Custom Queue.csproj", "{525305D4-D149-45C4-9478-26C2A25AF496}"
EndProject
Global
	GlobalSection(SolutionConfigurationPlatforms) = preSolution
		Debug|Any CPU = Debug|Any CPU
		Release|Any CPU = Release|Any CPU
	EndGlobalSection
	GlobalSection(ProjectConfigurationPlatforms) = postSolution
		{FE7AE9D4-8BD9-463F-A9B6-3945A4097A6F}.Debug|Any CPU.ActiveCfg = Debug|Any CPU
		{FE7AE9D4-8BD9-463F-A9B6-3945A4097A6F}.Debug|Any CPU.Build.0 = Debug|Any CPU
		{FE7AE9D4-8BD9-463F-A9B6-3945A4097A6F}.Release|Any CPU.ActiveCfg = Release|Any CPU
		{FE7AE9D4-8BD9-463F-A9B6-3945A4097A6F}.Release|Any CPU.Build.0 = Release|Any CPU
		{6418E778-BDA1-42CB-9E30-732C48A89768}.Debug|Any CPU.ActiveCfg = Debug|Any CPU
		{6418E778-BDA1-42CB-9E30-732C48A89768}.Debug|Any CPU.Build.0 = Debug|Any CPU
		{6418E778-BDA1-42CB-9E30-732C48A89768}.Release|Any CPU.ActiveCfg = Release|Any CPU
		{6418E778-BDA1-42CB-9E30-732C48A89768}.Release|Any CPU.Build.0 = Release|Any CPU
		{525305D4-D149-45C4-9478-26C2A25AF496}.Debug|Any CPU.ActiveCfg = Debug|Any CPU
		{525305D4-D149-45C4-9478-26C2A25AF496}.Debug|Any CPU.Build.0 = Debug|Any CPU
		{525305D4-D149-45C4-9478-26C2A25AF496}.Release|Any CPU.ActiveCfg = Release|Any CPU
		{525305D4-D149-45C4-9478-26C2A25AF496}.Release|Any CPU.Build.0 = Release|Any CPU
	EndGlobalSection
	GlobalSection(SolutionProperties) = preSolution
		HideSolutionNode = FALSE
	EndGlobalSection
	GlobalSection(ExtensibilityGlobals) = postSolution
		SolutionGuid = {A872F182-1DE3-4181-BD05-98E5D617311F}
	EndGlobalSection
EndGlobal
