
Microsoft Visual Studio Solution File, Format Version 12.00
# Visual Studio Version 17
VisualStudioVersion = 17.3.32922.545
MinimumVisualStudioVersion = 10.0.40219.1
Project("{FAE04EC0-301F-11D3-BF4B-00C04F79EFBC}") = "01. Define an Interface IPerson", "01. Define an Interface IPerson\01. Define an Interface IPerson.csproj", "{1C8987D3-D185-498E-8A13-F3FEACDF72B8}"
EndProject
Project("{FAE04EC0-301F-11D3-BF4B-00C04F79EFBC}") = "02. Multiple Implementation", "02. Multiple Implementation\02. Multiple Implementation.csproj", "{0E247183-7717-4AFF-853F-8DBE7D7FC130}"
EndProject
Project("{FAE04EC0-301F-11D3-BF4B-00C04F79EFBC}") = "03. Telephony", "03. Telephony\03. Telephony.csproj", "{ADF4E4A7-1853-4E2A-8F2D-29B91A940DCA}"
EndProject
Project("{FAE04EC0-301F-11D3-BF4B-00C04F79EFBC}") = "04. Border Control", "04. Border Control\04. Border Control.csproj", "{903E6F06-11CF-4279-B4E6-D17058EB1376}"
EndProject
Project("{FAE04EC0-301F-11D3-BF4B-00C04F79EFBC}") = "05. Birthday Celebrations", "05. Birthday Celebrations\05. Birthday Celebrations.csproj", "{44520C32-2716-4FBF-B765-0736773E3643}"
EndProject
Project("{FAE04EC0-301F-11D3-BF4B-00C04F79EFBC}") = "06. Food Shortage", "06. Food Shortage\06. Food Shortage.csproj", "{361CA799-5E33-465C-8B41-3B0DC39BE0BA}"
EndProject
Project("{FAE04EC0-301F-11D3-BF4B-00C04F79EFBC}") = "07. Military Elite", "07. Military Elite\07. Military Elite.csproj", "{5E99AC43-6B1C-466A-B84E-17BE71E8CB63}"
EndProject
Project("{FAE04EC0-301F-11D3-BF4B-00C04F79EFBC}") = "08. Collection Hierarchy", "08. Collection Hierarchy\08. Collection Hierarchy.csproj", "{35E5B88A-E4FE-4992-B3FD-AB92C9E74CAD}"
EndProject
Project("{FAE04EC0-301F-11D3-BF4B-00C04F79EFBC}") = "09. Explicit Interfaces", "09. Explicit Interfaces\09. Explicit Interfaces.csproj", "{02EFD732-7022-4362-9BEB-A7CB4E5EAD17}"
EndProject
Global
	GlobalSection(SolutionConfigurationPlatforms) = preSolution
		Debug|Any CPU = Debug|Any CPU
		Release|Any CPU = Release|Any CPU
	EndGlobalSection
	GlobalSection(ProjectConfigurationPlatforms) = postSolution
		{1C8987D3-D185-498E-8A13-F3FEACDF72B8}.Debug|Any CPU.ActiveCfg = Debug|Any CPU
		{1C8987D3-D185-498E-8A13-F3FEACDF72B8}.Debug|Any CPU.Build.0 = Debug|Any CPU
		{1C8987D3-D185-498E-8A13-F3FEACDF72B8}.Release|Any CPU.ActiveCfg = Release|Any CPU
		{1C8987D3-D185-498E-8A13-F3FEACDF72B8}.Release|Any CPU.Build.0 = Release|Any CPU
		{0E247183-7717-4AFF-853F-8DBE7D7FC130}.Debug|Any CPU.ActiveCfg = Debug|Any CPU
		{0E247183-7717-4AFF-853F-8DBE7D7FC130}.Debug|Any CPU.Build.0 = Debug|Any CPU
		{0E247183-7717-4AFF-853F-8DBE7D7FC130}.Release|Any CPU.ActiveCfg = Release|Any CPU
		{0E247183-7717-4AFF-853F-8DBE7D7FC130}.Release|Any CPU.Build.0 = Release|Any CPU
		{ADF4E4A7-1853-4E2A-8F2D-29B91A940DCA}.Debug|Any CPU.ActiveCfg = Debug|Any CPU
		{ADF4E4A7-1853-4E2A-8F2D-29B91A940DCA}.Debug|Any CPU.Build.0 = Debug|Any CPU
		{ADF4E4A7-1853-4E2A-8F2D-29B91A940DCA}.Release|Any CPU.ActiveCfg = Release|Any CPU
		{ADF4E4A7-1853-4E2A-8F2D-29B91A940DCA}.Release|Any CPU.Build.0 = Release|Any CPU
		{903E6F06-11CF-4279-B4E6-D17058EB1376}.Debug|Any CPU.ActiveCfg = Debug|Any CPU
		{903E6F06-11CF-4279-B4E6-D17058EB1376}.Debug|Any CPU.Build.0 = Debug|Any CPU
		{903E6F06-11CF-4279-B4E6-D17058EB1376}.Release|Any CPU.ActiveCfg = Release|Any CPU
		{903E6F06-11CF-4279-B4E6-D17058EB1376}.Release|Any CPU.Build.0 = Release|Any CPU
		{44520C32-2716-4FBF-B765-0736773E3643}.Debug|Any CPU.ActiveCfg = Debug|Any CPU
		{44520C32-2716-4FBF-B765-0736773E3643}.Debug|Any CPU.Build.0 = Debug|Any CPU
		{44520C32-2716-4FBF-B765-0736773E3643}.Release|Any CPU.ActiveCfg = Release|Any CPU
		{44520C32-2716-4FBF-B765-0736773E3643}.Release|Any CPU.Build.0 = Release|Any CPU
		{361CA799-5E33-465C-8B41-3B0DC39BE0BA}.Debug|Any CPU.ActiveCfg = Debug|Any CPU
		{361CA799-5E33-465C-8B41-3B0DC39BE0BA}.Debug|Any CPU.Build.0 = Debug|Any CPU
		{361CA799-5E33-465C-8B41-3B0DC39BE0BA}.Release|Any CPU.ActiveCfg = Release|Any CPU
		{361CA799-5E33-465C-8B41-3B0DC39BE0BA}.Release|Any CPU.Build.0 = Release|Any CPU
		{5E99AC43-6B1C-466A-B84E-17BE71E8CB63}.Debug|Any CPU.ActiveCfg = Debug|Any CPU
		{5E99AC43-6B1C-466A-B84E-17BE71E8CB63}.Debug|Any CPU.Build.0 = Debug|Any CPU
		{5E99AC43-6B1C-466A-B84E-17BE71E8CB63}.Release|Any CPU.ActiveCfg = Release|Any CPU
		{5E99AC43-6B1C-466A-B84E-17BE71E8CB63}.Release|Any CPU.Build.0 = Release|Any CPU
		{35E5B88A-E4FE-4992-B3FD-AB92C9E74CAD}.Debug|Any CPU.ActiveCfg = Debug|Any CPU
		{35E5B88A-E4FE-4992-B3FD-AB92C9E74CAD}.Debug|Any CPU.Build.0 = Debug|Any CPU
		{35E5B88A-E4FE-4992-B3FD-AB92C9E74CAD}.Release|Any CPU.ActiveCfg = Release|Any CPU
		{35E5B88A-E4FE-4992-B3FD-AB92C9E74CAD}.Release|Any CPU.Build.0 = Release|Any CPU
		{02EFD732-7022-4362-9BEB-A7CB4E5EAD17}.Debug|Any CPU.ActiveCfg = Debug|Any CPU
		{02EFD732-7022-4362-9BEB-A7CB4E5EAD17}.Debug|Any CPU.Build.0 = Debug|Any CPU
		{02EFD732-7022-4362-9BEB-A7CB4E5EAD17}.Release|Any CPU.ActiveCfg = Release|Any CPU
		{02EFD732-7022-4362-9BEB-A7CB4E5EAD17}.Release|Any CPU.Build.0 = Release|Any CPU
	EndGlobalSection
	GlobalSection(SolutionProperties) = preSolution
		HideSolutionNode = FALSE
	EndGlobalSection
	GlobalSection(ExtensibilityGlobals) = postSolution
		SolutionGuid = {10F8E6F2-FA27-4CED-AF27-617A39CACB42}
	EndGlobalSection
EndGlobal
