
Microsoft Visual Studio Solution File, Format Version 12.00
# Visual Studio Version 17
VisualStudioVersion = 17.3.32922.545
MinimumVisualStudioVersion = 10.0.40219.1
Project("{FAE04EC0-301F-11D3-BF4B-00C04F79EFBC}") = "01. Count Real Numbers", "01. Count Real Numbers\01. Count Real Numbers.csproj", "{2C8D5C54-2624-4B4A-92C8-8EF191DF51FD}"
EndProject
Project("{FAE04EC0-301F-11D3-BF4B-00C04F79EFBC}") = "02. Odd Occurrences", "02. Odd Occurrences\02. Odd Occurrences.csproj", "{326A54FD-357B-443B-AD53-4455668FBFDA}"
EndProject
Project("{FAE04EC0-301F-11D3-BF4B-00C04F79EFBC}") = "03. Word Synonyms", "03. Word Synonyms\03. Word Synonyms.csproj", "{78E63FF4-61C2-4ADB-940D-0EEFC7147467}"
EndProject
Project("{FAE04EC0-301F-11D3-BF4B-00C04F79EFBC}") = "04. Word Filter", "04. Word Filter\04. Word Filter.csproj", "{0528417D-AD56-49F3-8A9F-F66C11361653}"
EndProject
Global
	GlobalSection(SolutionConfigurationPlatforms) = preSolution
		Debug|Any CPU = Debug|Any CPU
		Release|Any CPU = Release|Any CPU
	EndGlobalSection
	GlobalSection(ProjectConfigurationPlatforms) = postSolution
		{2C8D5C54-2624-4B4A-92C8-8EF191DF51FD}.Debug|Any CPU.ActiveCfg = Debug|Any CPU
		{2C8D5C54-2624-4B4A-92C8-8EF191DF51FD}.Debug|Any CPU.Build.0 = Debug|Any CPU
		{2C8D5C54-2624-4B4A-92C8-8EF191DF51FD}.Release|Any CPU.ActiveCfg = Release|Any CPU
		{2C8D5C54-2624-4B4A-92C8-8EF191DF51FD}.Release|Any CPU.Build.0 = Release|Any CPU
		{326A54FD-357B-443B-AD53-4455668FBFDA}.Debug|Any CPU.ActiveCfg = Debug|Any CPU
		{326A54FD-357B-443B-AD53-4455668FBFDA}.Debug|Any CPU.Build.0 = Debug|Any CPU
		{326A54FD-357B-443B-AD53-4455668FBFDA}.Release|Any CPU.ActiveCfg = Release|Any CPU
		{326A54FD-357B-443B-AD53-4455668FBFDA}.Release|Any CPU.Build.0 = Release|Any CPU
		{78E63FF4-61C2-4ADB-940D-0EEFC7147467}.Debug|Any CPU.ActiveCfg = Debug|Any CPU
		{78E63FF4-61C2-4ADB-940D-0EEFC7147467}.Debug|Any CPU.Build.0 = Debug|Any CPU
		{78E63FF4-61C2-4ADB-940D-0EEFC7147467}.Release|Any CPU.ActiveCfg = Release|Any CPU
		{78E63FF4-61C2-4ADB-940D-0EEFC7147467}.Release|Any CPU.Build.0 = Release|Any CPU
		{0528417D-AD56-49F3-8A9F-F66C11361653}.Debug|Any CPU.ActiveCfg = Debug|Any CPU
		{0528417D-AD56-49F3-8A9F-F66C11361653}.Debug|Any CPU.Build.0 = Debug|Any CPU
		{0528417D-AD56-49F3-8A9F-F66C11361653}.Release|Any CPU.ActiveCfg = Release|Any CPU
		{0528417D-AD56-49F3-8A9F-F66C11361653}.Release|Any CPU.Build.0 = Release|Any CPU
	EndGlobalSection
	GlobalSection(SolutionProperties) = preSolution
		HideSolutionNode = FALSE
	EndGlobalSection
	GlobalSection(ExtensibilityGlobals) = postSolution
		SolutionGuid = {211EC26E-6269-4304-B430-B0D60CC1F64D}
	EndGlobalSection
EndGlobal
