
Microsoft Visual Studio Solution File, Format Version 12.00
# Visual Studio Version 17
VisualStudioVersion = 17.3.32922.545
MinimumVisualStudioVersion = 10.0.40219.1
Project("{FAE04EC0-301F-11D3-BF4B-00C04F79EFBC}") = "01. Activation Keys", "01. Activation Keys\01. Activation Keys.csproj", "{1BB1DCB0-2687-4F38-A8E1-443E69AA6893}"
EndProject
Project("{FAE04EC0-301F-11D3-BF4B-00C04F79EFBC}") = "02. Emoji Detector", "02. Emoji Detector\02. Emoji Detector.csproj", "{D3D93005-BF7B-4761-8A40-B55BACAC6531}"
EndProject
Project("{FAE04EC0-301F-11D3-BF4B-00C04F79EFBC}") = "03. Heroes of Code and Logic VII", "03. Heroes of Code and Logic VII\03. Heroes of Code and Logic VII.csproj", "{4EDBB946-D714-4B37-B63C-77F0DD9DDF8A}"
EndProject
Global
	GlobalSection(SolutionConfigurationPlatforms) = preSolution
		Debug|Any CPU = Debug|Any CPU
		Release|Any CPU = Release|Any CPU
	EndGlobalSection
	GlobalSection(ProjectConfigurationPlatforms) = postSolution
		{1BB1DCB0-2687-4F38-A8E1-443E69AA6893}.Debug|Any CPU.ActiveCfg = Debug|Any CPU
		{1BB1DCB0-2687-4F38-A8E1-443E69AA6893}.Debug|Any CPU.Build.0 = Debug|Any CPU
		{1BB1DCB0-2687-4F38-A8E1-443E69AA6893}.Release|Any CPU.ActiveCfg = Release|Any CPU
		{1BB1DCB0-2687-4F38-A8E1-443E69AA6893}.Release|Any CPU.Build.0 = Release|Any CPU
		{D3D93005-BF7B-4761-8A40-B55BACAC6531}.Debug|Any CPU.ActiveCfg = Debug|Any CPU
		{D3D93005-BF7B-4761-8A40-B55BACAC6531}.Debug|Any CPU.Build.0 = Debug|Any CPU
		{D3D93005-BF7B-4761-8A40-B55BACAC6531}.Release|Any CPU.ActiveCfg = Release|Any CPU
		{D3D93005-BF7B-4761-8A40-B55BACAC6531}.Release|Any CPU.Build.0 = Release|Any CPU
		{4EDBB946-D714-4B37-B63C-77F0DD9DDF8A}.Debug|Any CPU.ActiveCfg = Debug|Any CPU
		{4EDBB946-D714-4B37-B63C-77F0DD9DDF8A}.Debug|Any CPU.Build.0 = Debug|Any CPU
		{4EDBB946-D714-4B37-B63C-77F0DD9DDF8A}.Release|Any CPU.ActiveCfg = Release|Any CPU
		{4EDBB946-D714-4B37-B63C-77F0DD9DDF8A}.Release|Any CPU.Build.0 = Release|Any CPU
	EndGlobalSection
	GlobalSection(SolutionProperties) = preSolution
		HideSolutionNode = FALSE
	EndGlobalSection
	GlobalSection(ExtensibilityGlobals) = postSolution
		SolutionGuid = {7852AFBA-0C64-490D-BE95-230E5EE41046}
	EndGlobalSection
EndGlobal
