
Microsoft Visual Studio Solution File, Format Version 12.00
# Visual Studio Version 17
VisualStudioVersion = 17.3.32922.545
MinimumVisualStudioVersion = 10.0.40219.1
Project("{9A19103F-16F7-4668-BE54-9A1E7A4F7556}") = "01. Secret Chat", "01. Secret Chat\01. Secret Chat.csproj", "{AA68FACF-FEDC-465F-AA36-DE981DA56111}"
EndProject
Project("{9A19103F-16F7-4668-BE54-9A1E7A4F7556}") = "02. Fancy Barcodes", "02. Fancy Barcodes\02. Fancy Barcodes.csproj", "{3A3A89DC-0773-4495-A04F-F6D255AD1BC7}"
EndProject
Project("{FAE04EC0-301F-11D3-BF4B-00C04F79EFBC}") = "03. Plant Discovery", "03. Plant Discovery\03. Plant Discovery.csproj", "{AC1D090F-F1A9-42F9-B503-BB9DDA37A33C}"
EndProject
Project("{FAE04EC0-301F-11D3-BF4B-00C04F79EFBC}") = "03. The Pianist", "03. The Pianist\03. The Pianist.csproj", "{1F4503FA-2841-4ACA-A810-016239C3ABAA}"
EndProject
Project("{FAE04EC0-301F-11D3-BF4B-00C04F79EFBC}") = "03. Plant Discovery - with a Class", "03. Plant Discovery - with a Class\03. Plant Discovery - with a Class.csproj", "{E12331BE-EC9C-452C-8CC6-F7EEC847C6C1}"
EndProject
Global
	GlobalSection(SolutionConfigurationPlatforms) = preSolution
		Debug|Any CPU = Debug|Any CPU
		Release|Any CPU = Release|Any CPU
	EndGlobalSection
	GlobalSection(ProjectConfigurationPlatforms) = postSolution
		{AA68FACF-FEDC-465F-AA36-DE981DA56111}.Debug|Any CPU.ActiveCfg = Debug|Any CPU
		{AA68FACF-FEDC-465F-AA36-DE981DA56111}.Debug|Any CPU.Build.0 = Debug|Any CPU
		{AA68FACF-FEDC-465F-AA36-DE981DA56111}.Release|Any CPU.ActiveCfg = Release|Any CPU
		{AA68FACF-FEDC-465F-AA36-DE981DA56111}.Release|Any CPU.Build.0 = Release|Any CPU
		{3A3A89DC-0773-4495-A04F-F6D255AD1BC7}.Debug|Any CPU.ActiveCfg = Debug|Any CPU
		{3A3A89DC-0773-4495-A04F-F6D255AD1BC7}.Debug|Any CPU.Build.0 = Debug|Any CPU
		{3A3A89DC-0773-4495-A04F-F6D255AD1BC7}.Release|Any CPU.ActiveCfg = Release|Any CPU
		{3A3A89DC-0773-4495-A04F-F6D255AD1BC7}.Release|Any CPU.Build.0 = Release|Any CPU
		{AC1D090F-F1A9-42F9-B503-BB9DDA37A33C}.Debug|Any CPU.ActiveCfg = Debug|Any CPU
		{AC1D090F-F1A9-42F9-B503-BB9DDA37A33C}.Debug|Any CPU.Build.0 = Debug|Any CPU
		{AC1D090F-F1A9-42F9-B503-BB9DDA37A33C}.Release|Any CPU.ActiveCfg = Release|Any CPU
		{AC1D090F-F1A9-42F9-B503-BB9DDA37A33C}.Release|Any CPU.Build.0 = Release|Any CPU
		{1F4503FA-2841-4ACA-A810-016239C3ABAA}.Debug|Any CPU.ActiveCfg = Debug|Any CPU
		{1F4503FA-2841-4ACA-A810-016239C3ABAA}.Debug|Any CPU.Build.0 = Debug|Any CPU
		{1F4503FA-2841-4ACA-A810-016239C3ABAA}.Release|Any CPU.ActiveCfg = Release|Any CPU
		{1F4503FA-2841-4ACA-A810-016239C3ABAA}.Release|Any CPU.Build.0 = Release|Any CPU
		{E12331BE-EC9C-452C-8CC6-F7EEC847C6C1}.Debug|Any CPU.ActiveCfg = Debug|Any CPU
		{E12331BE-EC9C-452C-8CC6-F7EEC847C6C1}.Debug|Any CPU.Build.0 = Debug|Any CPU
		{E12331BE-EC9C-452C-8CC6-F7EEC847C6C1}.Release|Any CPU.ActiveCfg = Release|Any CPU
		{E12331BE-EC9C-452C-8CC6-F7EEC847C6C1}.Release|Any CPU.Build.0 = Release|Any CPU
	EndGlobalSection
	GlobalSection(SolutionProperties) = preSolution
		HideSolutionNode = FALSE
	EndGlobalSection
	GlobalSection(ExtensibilityGlobals) = postSolution
		SolutionGuid = {211EAA54-B4F7-4567-A1AB-121426775CB4}
	EndGlobalSection
EndGlobal
