
Microsoft Visual Studio Solution File, Format Version 12.00
# Visual Studio Version 17
VisualStudioVersion = 17.3.32922.545
MinimumVisualStudioVersion = 10.0.40219.1
Project("{FAE04EC0-301F-11D3-BF4B-00C04F79EFBC}") = "01. Match Full Name", "01. Match Full Name\01. Match Full Name.csproj", "{1986E1E1-DBFE-4A4A-97B6-390DC0AB42E3}"
EndProject
Project("{FAE04EC0-301F-11D3-BF4B-00C04F79EFBC}") = "02. Match Phone Number", "02. Match Phone Number\02. Match Phone Number.csproj", "{A84AF5EB-72D7-4CB9-89FC-A096169798AE}"
EndProject
Project("{FAE04EC0-301F-11D3-BF4B-00C04F79EFBC}") = "03. Match Dates", "03. Match Dates\03. Match Dates.csproj", "{8A8577B3-E338-4892-96AC-076C5B62C5BF}"
EndProject
Global
	GlobalSection(SolutionConfigurationPlatforms) = preSolution
		Debug|Any CPU = Debug|Any CPU
		Release|Any CPU = Release|Any CPU
	EndGlobalSection
	GlobalSection(ProjectConfigurationPlatforms) = postSolution
		{1986E1E1-DBFE-4A4A-97B6-390DC0AB42E3}.Debug|Any CPU.ActiveCfg = Debug|Any CPU
		{1986E1E1-DBFE-4A4A-97B6-390DC0AB42E3}.Debug|Any CPU.Build.0 = Debug|Any CPU
		{1986E1E1-DBFE-4A4A-97B6-390DC0AB42E3}.Release|Any CPU.ActiveCfg = Release|Any CPU
		{1986E1E1-DBFE-4A4A-97B6-390DC0AB42E3}.Release|Any CPU.Build.0 = Release|Any CPU
		{A84AF5EB-72D7-4CB9-89FC-A096169798AE}.Debug|Any CPU.ActiveCfg = Debug|Any CPU
		{A84AF5EB-72D7-4CB9-89FC-A096169798AE}.Debug|Any CPU.Build.0 = Debug|Any CPU
		{A84AF5EB-72D7-4CB9-89FC-A096169798AE}.Release|Any CPU.ActiveCfg = Release|Any CPU
		{A84AF5EB-72D7-4CB9-89FC-A096169798AE}.Release|Any CPU.Build.0 = Release|Any CPU
		{8A8577B3-E338-4892-96AC-076C5B62C5BF}.Debug|Any CPU.ActiveCfg = Debug|Any CPU
		{8A8577B3-E338-4892-96AC-076C5B62C5BF}.Debug|Any CPU.Build.0 = Debug|Any CPU
		{8A8577B3-E338-4892-96AC-076C5B62C5BF}.Release|Any CPU.ActiveCfg = Release|Any CPU
		{8A8577B3-E338-4892-96AC-076C5B62C5BF}.Release|Any CPU.Build.0 = Release|Any CPU
	EndGlobalSection
	GlobalSection(SolutionProperties) = preSolution
		HideSolutionNode = FALSE
	EndGlobalSection
	GlobalSection(ExtensibilityGlobals) = postSolution
		SolutionGuid = {50B97C00-0F4A-49D9-A04F-BFB9B1223E08}
	EndGlobalSection
EndGlobal
